{
  "requires": true,
  "lockfileVersion": 1,
  "dependencies": {
    "array-back": {
      "version": "4.0.1",
      "resolved": "https://registry.npmjs.org/array-back/-/array-back-4.0.1.tgz",
      "integrity": "sha512-Z/JnaVEXv+A9xabHzN43FiiiWEE7gPCRXMrVmRm00tWbjZRul1iHm7ECzlyNq1p4a4ATXz+G9FJ3GqGOkOV3fg==",
      "dev": true
    },
    "lws-redirect": {
      "version": "2.0.0",
      "resolved": "https://registry.npmjs.org/lws-redirect/-/lws-redirect-2.0.0.tgz",
      "integrity": "sha512-bA4ecZ7j0aGzSpPIoqwd0hsb4PtSpxshfFQo1mDiUT9fnXxSH0PO7PsxgAe9WufTB8gMlo7Tfng3UV11Yw7sfg==",
      "dev": true,
      "requires": {
        "array-back": "^4.0.1"
      }
    },
    "prettier": {
      "version": "2.0.5"
    }
  }
}
